
Microsoft Visual Studio Solution File, Format Version 12.00
# Visual Studio Version 17
VisualStudioVersion = 17.0.31903.59
MinimumVisualStudioVersion = 10.0.40219.1
Project("{2150E333-8FDC-42A3-9474-1A3956D46DE8}") = "src", "src", "{72046868-1CB4-4E1E-A9AD-DE4226952EEA}"
EndProject
Project("{FAE04EC0-301F-11D3-BF4B-00C04F79EFBC}") = "RingOrder.Epos", "src\RingOrder.Epos\RingOrder.Epos.csproj", "{2B39B09A-4FD8-4CBD-AB36-B77E0817B2CA}"
EndProject
Project("{FAE04EC0-301F-11D3-BF4B-00C04F79EFBC}") = "RingOrder.Epos.Domain", "src\RingOrder.Epos.Domain\RingOrder.Epos.Domain.csproj", "{51605C8D-4198-4126-8084-9B646DDAC454}"
EndProject
Project("{FAE04EC0-301F-11D3-BF4B-00C04F79EFBC}") = "RingOrder.Epos.Hardware", "src\RingOrder.Epos.Hardware\RingOrder.Epos.Hardware.csproj", "{F64E4158-EE3E-4990-A314-9E3B9DEB9129}"
EndProject
Project("{FAE04EC0-301F-11D3-BF4B-00C04F79EFBC}") = "RingOrder.Epos.Online", "src\RingOrder.Epos.Online\RingOrder.Epos.Online.csproj", "{5AE2409C-DCCE-4C1A-A7DA-8BC98C43D63D}"
EndProject
Project("{FAE04EC0-301F-11D3-BF4B-00C04F79EFBC}") = "RingOrder.Epos.Data", "src\RingOrder.Epos.Data\RingOrder.Epos.Data.csproj", "{64F967A9-60EE-45F7-89F0-2F2CAA0E8B21}"
EndProject
Project("{2150E333-8FDC-42A3-9474-1A3956D46DE8}") = "tests", "tests", "{B28CCAEF-F37D-4E52-B85C-1FFD4F532ACE}"
EndProject
Project("{FAE04EC0-301F-11D3-BF4B-00C04F79EFBC}") = "RingOrder.Epos.Tests", "tests\RingOrder.Epos.Tests\RingOrder.Epos.Tests.csproj", "{BF4F7776-A1C8-4A3F-9865-F80335703094}"
EndProject
Global
	GlobalSection(SolutionConfigurationPlatforms) = preSolution
		Debug|Any CPU = Debug|Any CPU
		Release|Any CPU = Release|Any CPU
	EndGlobalSection
	GlobalSection(SolutionProperties) = preSolution
		HideSolutionNode = FALSE
	EndGlobalSection
	GlobalSection(ProjectConfigurationPlatforms) = postSolution
		{2B39B09A-4FD8-4CBD-AB36-B77E0817B2CA}.Debug|Any CPU.ActiveCfg = Debug|Any CPU
		{2B39B09A-4FD8-4CBD-AB36-B77E0817B2CA}.Debug|Any CPU.Build.0 = Debug|Any CPU
		{2B39B09A-4FD8-4CBD-AB36-B77E0817B2CA}.Release|Any CPU.ActiveCfg = Release|Any CPU
		{2B39B09A-4FD8-4CBD-AB36-B77E0817B2CA}.Release|Any CPU.Build.0 = Release|Any CPU
		{51605C8D-4198-4126-8084-9B646DDAC454}.Debug|Any CPU.ActiveCfg = Debug|Any CPU
		{51605C8D-4198-4126-8084-9B646DDAC454}.Debug|Any CPU.Build.0 = Debug|Any CPU
		{51605C8D-4198-4126-8084-9B646DDAC454}.Release|Any CPU.ActiveCfg = Release|Any CPU
		{51605C8D-4198-4126-8084-9B646DDAC454}.Release|Any CPU.Build.0 = Release|Any CPU
		{F64E4158-EE3E-4990-A314-9E3B9DEB9129}.Debug|Any CPU.ActiveCfg = Debug|Any CPU
		{F64E4158-EE3E-4990-A314-9E3B9DEB9129}.Debug|Any CPU.Build.0 = Debug|Any CPU
		{F64E4158-EE3E-4990-A314-9E3B9DEB9129}.Release|Any CPU.ActiveCfg = Release|Any CPU
		{F64E4158-EE3E-4990-A314-9E3B9DEB9129}.Release|Any CPU.Build.0 = Release|Any CPU
		{5AE2409C-DCCE-4C1A-A7DA-8BC98C43D63D}.Debug|Any CPU.ActiveCfg = Debug|Any CPU
		{5AE2409C-DCCE-4C1A-A7DA-8BC98C43D63D}.Debug|Any CPU.Build.0 = Debug|Any CPU
		{5AE2409C-DCCE-4C1A-A7DA-8BC98C43D63D}.Release|Any CPU.ActiveCfg = Release|Any CPU
		{5AE2409C-DCCE-4C1A-A7DA-8BC98C43D63D}.Release|Any CPU.Build.0 = Release|Any CPU
		{64F967A9-60EE-45F7-89F0-2F2CAA0E8B21}.Debug|Any CPU.ActiveCfg = Debug|Any CPU
		{64F967A9-60EE-45F7-89F0-2F2CAA0E8B21}.Debug|Any CPU.Build.0 = Debug|Any CPU
		{64F967A9-60EE-45F7-89F0-2F2CAA0E8B21}.Release|Any CPU.ActiveCfg = Release|Any CPU
		{64F967A9-60EE-45F7-89F0-2F2CAA0E8B21}.Release|Any CPU.Build.0 = Release|Any CPU
		{BF4F7776-A1C8-4A3F-9865-F80335703094}.Debug|Any CPU.ActiveCfg = Debug|Any CPU
		{BF4F7776-A1C8-4A3F-9865-F80335703094}.Debug|Any CPU.Build.0 = Debug|Any CPU
		{BF4F7776-A1C8-4A3F-9865-F80335703094}.Release|Any CPU.ActiveCfg = Release|Any CPU
		{BF4F7776-A1C8-4A3F-9865-F80335703094}.Release|Any CPU.Build.0 = Release|Any CPU
	EndGlobalSection
	GlobalSection(NestedProjects) = preSolution
		{2B39B09A-4FD8-4CBD-AB36-B77E0817B2CA} = {72046868-1CB4-4E1E-A9AD-DE4226952EEA}
		{51605C8D-4198-4126-8084-9B646DDAC454} = {72046868-1CB4-4E1E-A9AD-DE4226952EEA}
		{F64E4158-EE3E-4990-A314-9E3B9DEB9129} = {72046868-1CB4-4E1E-A9AD-DE4226952EEA}
		{5AE2409C-DCCE-4C1A-A7DA-8BC98C43D63D} = {72046868-1CB4-4E1E-A9AD-DE4226952EEA}
		{64F967A9-60EE-45F7-89F0-2F2CAA0E8B21} = {72046868-1CB4-4E1E-A9AD-DE4226952EEA}
		{BF4F7776-A1C8-4A3F-9865-F80335703094} = {B28CCAEF-F37D-4E52-B85C-1FFD4F532ACE}
	EndGlobalSection
EndGlobal
